
Microsoft Visual Studio Solution File, Format Version 12.00
# Visual Studio Version 17
VisualStudioVersion = 17.5.002.0
MinimumVisualStudioVersion = 10.0.40219.1
Project("{9A19103F-16F7-4668-BE54-9A1E7A4F7556}") = "winformsApp", "winformsApp.csproj", "{F42B70AC-E3FE-42C6-B1F0-F00E8AEF45DB}"
EndProject
Global
	GlobalSection(SolutionConfigurationPlatforms) = preSolution
		Debug|Any CPU = Debug|Any CPU
		Release|Any CPU = Release|Any CPU
	EndGlobalSection
	GlobalSection(ProjectConfigurationPlatforms) = postSolution
		{F42B70AC-E3FE-42C6-B1F0-F00E8AEF45DB}.Debug|Any CPU.ActiveCfg = Debug|Any CPU
		{F42B70AC-E3FE-42C6-B1F0-F00E8AEF45DB}.Debug|Any CPU.Build.0 = Debug|Any CPU
		{F42B70AC-E3FE-42C6-B1F0-F00E8AEF45DB}.Release|Any CPU.ActiveCfg = Release|Any CPU
		{F42B70AC-E3FE-42C6-B1F0-F00E8AEF45DB}.Release|Any CPU.Build.0 = Release|Any CPU
	EndGlobalSection
	GlobalSection(SolutionProperties) = preSolution
		HideSolutionNode = FALSE
	EndGlobalSection
	GlobalSection(ExtensibilityGlobals) = postSolution
		SolutionGuid = {F2DB0ECF-25F0-4E49-87D7-25753BAADDEF}
	EndGlobalSection
EndGlobal
